// !$*UTF8*$!
{
	archiveVersion = 1;
	classes = {
	};
	objectVersion = 51;
	objects = {

/* Begin PBXBuildFile section */
		BB0D3281C513C23F3423927E /* Pods_SDEMO.framework in Frameworks */ = {isa = PBXBuildFile; fileRef = E46150A96E68431E6F5CE2CA /* Pods_SDEMO.framework */; };
		F57BF06C24ECC39100BED6E1 /* AppDelegate.swift in Sources */ = {isa = PBXBuildFile; fileRef = F57BF06B24ECC39100BED6E1 /* AppDelegate.swift */; };
		F57BF06E24ECC39100BED6E1 /* SceneDelegate.swift in Sources */ = {isa = PBXBuildFile; fileRef = F57BF06D24ECC39100BED6E1 /* SceneDelegate.swift */; };
		F57BF07024ECC39100BED6E1 /* ViewController.swift in Sources */ = {isa = PBXBuildFile; fileRef = F57BF06F24ECC39100BED6E1 /* ViewController.swift */; };
		F57BF07324ECC39100BED6E1 /* Main.storyboard in Resources */ = {isa = PBXBuildFile; fileRef = F57BF07124ECC39100BED6E1 /* Main.storyboard */; };
		F57BF07524ECC39100BED6E1 /* Assets.xcassets in Resources */ = {isa = PBXBuildFile; fileRef = F57BF07424ECC39100BED6E1 /* Assets.xcassets */; };
		F57BF07824ECC39100BED6E1 /* LaunchScreen.storyboard in Resources */ = {isa = PBXBuildFile; fileRef = F57BF07624ECC39100BED6E1 /* LaunchScreen.storyboard */; };
		F57BF08324ECC39200BED6E1 /* SDEMOTests.swift in Sources */ = {isa = PBXBuildFile; fileRef = F57BF08224ECC39200BED6E1 /* SDEMOTests.swift */; };
		F57BF08E24ECC39200BED6E1 /* SDEMOUITests.swift in Sources */ = {isa = PBXBuildFile; fileRef = F57BF08D24ECC39200BED6E1 /* SDEMOUITests.swift */; };
		F5A5339824EEA4AD003D0EAB /* 数组.md in Resources */ = {isa = PBXBuildFile; fileRef = F5A5339724EEA4AD003D0EAB /* 数组.md */; };
		F5ECE54124EE5B1B008A5D11 /* 变量常量.md in Resources */ = {isa = PBXBuildFile; fileRef = F5ECE54024EE5B1B008A5D11 /* 变量常量.md */; };
		F5ECE54324EE5BE7008A5D11 /* ComomControlVC.swift in Sources */ = {isa = PBXBuildFile; fileRef = F5ECE54224EE5BE7008A5D11 /* ComomControlVC.swift */; };
		F5ECE54624EE5F35008A5D11 /* TVC.swift in Sources */ = {isa = PBXBuildFile; fileRef = F5ECE54524EE5F35008A5D11 /* TVC.swift */; };
		F5ECE54824EE5F44008A5D11 /* CVC.swift in Sources */ = {isa = PBXBuildFile; fileRef = F5ECE54724EE5F44008A5D11 /* CVC.swift */; };
		F5ECE54A24EE613F008A5D11 /* TCell.swift in Sources */ = {isa = PBXBuildFile; fileRef = F5ECE54924EE613F008A5D11 /* TCell.swift */; };
		F5ECE54C24EE6156008A5D11 /* CCell.swift in Sources */ = {isa = PBXBuildFile; fileRef = F5ECE54B24EE6156008A5D11 /* CCell.swift */; };
		F5ECE55124EE776F008A5D11 /* Person.swift in Sources */ = {isa = PBXBuildFile; fileRef = F5ECE55024EE776F008A5D11 /* Person.swift */; };
		F5ECE55524EE8295008A5D11 /* Enum.swift in Sources */ = {isa = PBXBuildFile; fileRef = F5ECE55424EE8295008A5D11 /* Enum.swift */; };
/* End PBXBuildFile section */

/* Begin PBXContainerItemProxy section */
		F57BF07F24ECC39200BED6E1 /* PBXContainerItemProxy */ = {
			isa = PBXContainerItemProxy;
			containerPortal = F57BF06024ECC39100BED6E1 /* Project object */;
			proxyType = 1;
			remoteGlobalIDString = F57BF06724ECC39100BED6E1;
			remoteInfo = SDEMO;
		};
		F57BF08A24ECC39200BED6E1 /* PBXContainerItemProxy */ = {
			isa = PBXContainerItemProxy;
			containerPortal = F57BF06024ECC39100BED6E1 /* Project object */;
			proxyType = 1;
			remoteGlobalIDString = F57BF06724ECC39100BED6E1;
			remoteInfo = SDEMO;
		};
/* End PBXContainerItemProxy section */

/* Begin PBXFileReference section */
		C9F29AE68130F01485959073 /* Pods-SDEMO.release.xcconfig */ = {isa = PBXFileReference; includeInIndex = 1; lastKnownFileType = text.xcconfig; name = "Pods-SDEMO.release.xcconfig"; path = "Target Support Files/Pods-SDEMO/Pods-SDEMO.release.xcconfig"; sourceTree = "<group>"; };
		E46150A96E68431E6F5CE2CA /* Pods_SDEMO.framework */ = {isa = PBXFileReference; explicitFileType = wrapper.framework; includeInIndex = 0; path = Pods_SDEMO.framework; sourceTree = BUILT_PRODUCTS_DIR; };
		F57BF06824ECC39100BED6E1 /* SDEMO.app */ = {isa = PBXFileReference; explicitFileType = wrapper.application; includeInIndex = 0; path = SDEMO.app; sourceTree = BUILT_PRODUCTS_DIR; };
		F57BF06B24ECC39100BED6E1 /* AppDelegate.swift */ = {isa = PBXFileReference; lastKnownFileType = sourcecode.swift; path = AppDelegate.swift; sourceTree = "<group>"; };
		F57BF06D24ECC39100BED6E1 /* SceneDelegate.swift */ = {isa = PBXFileReference; lastKnownFileType = sourcecode.swift; path = SceneDelegate.swift; sourceTree = "<group>"; };
		F57BF06F24ECC39100BED6E1 /* ViewController.swift */ = {isa = PBXFileReference; lastKnownFileType = sourcecode.swift; path = ViewController.swift; sourceTree = "<group>"; };
		F57BF07224ECC39100BED6E1 /* Base */ = {isa = PBXFileReference; lastKnownFileType = file.storyboard; name = Base; path = Base.lproj/Main.storyboard; sourceTree = "<group>"; };
		F57BF07424ECC39100BED6E1 /* Assets.xcassets */ = {isa = PBXFileReference; lastKnownFileType = folder.assetcatalog; path = Assets.xcassets; sourceTree = "<group>"; };
		F57BF07724ECC39100BED6E1 /* Base */ = {isa = PBXFileReference; lastKnownFileType = file.storyboard; name = Base; path = Base.lproj/LaunchScreen.storyboard; sourceTree = "<group>"; };
		F57BF07924ECC39100BED6E1 /* Info.plist */ = {isa = PBXFileReference; lastKnownFileType = text.plist.xml; path = Info.plist; sourceTree = "<group>"; };
		F57BF07E24ECC39200BED6E1 /* SDEMOTests.xctest */ = {isa = PBXFileReference; explicitFileType = wrapper.cfbundle; includeInIndex = 0; path = SDEMOTests.xctest; sourceTree = BUILT_PRODUCTS_DIR; };
		F57BF08224ECC39200BED6E1 /* SDEMOTests.swift */ = {isa = PBXFileReference; lastKnownFileType = sourcecode.swift; path = SDEMOTests.swift; sourceTree = "<group>"; };
		F57BF08424ECC39200BED6E1 /* Info.plist */ = {isa = PBXFileReference; lastKnownFileType = text.plist.xml; path = Info.plist; sourceTree = "<group>"; };
		F57BF08924ECC39200BED6E1 /* SDEMOUITests.xctest */ = {isa = PBXFileReference; explicitFileType = wrapper.cfbundle; includeInIndex = 0; path = SDEMOUITests.xctest; sourceTree = BUILT_PRODUCTS_DIR; };
		F57BF08D24ECC39200BED6E1 /* SDEMOUITests.swift */ = {isa = PBXFileReference; lastKnownFileType = sourcecode.swift; path = SDEMOUITests.swift; sourceTree = "<group>"; };
		F57BF08F24ECC39200BED6E1 /* Info.plist */ = {isa = PBXFileReference; lastKnownFileType = text.plist.xml; path = Info.plist; sourceTree = "<group>"; };
		F5A5339724EEA4AD003D0EAB /* 数组.md */ = {isa = PBXFileReference; fileEncoding = 4; lastKnownFileType = net.daringfireball.markdown; path = "数组.md"; sourceTree = "<group>"; };
		F5ECE54024EE5B1B008A5D11 /* 变量常量.md */ = {isa = PBXFileReference; fileEncoding = 4; lastKnownFileType = net.daringfireball.markdown; path = "变量常量.md"; sourceTree = "<group>"; };
		F5ECE54224EE5BE7008A5D11 /* ComomControlVC.swift */ = {isa = PBXFileReference; lastKnownFileType = sourcecode.swift; path = ComomControlVC.swift; sourceTree = "<group>"; };
		F5ECE54524EE5F35008A5D11 /* TVC.swift */ = {isa = PBXFileReference; lastKnownFileType = sourcecode.swift; path = TVC.swift; sourceTree = "<group>"; };
		F5ECE54724EE5F44008A5D11 /* CVC.swift */ = {isa = PBXFileReference; lastKnownFileType = sourcecode.swift; path = CVC.swift; sourceTree = "<group>"; };
		F5ECE54924EE613F008A5D11 /* TCell.swift */ = {isa = PBXFileReference; lastKnownFileType = sourcecode.swift; path = TCell.swift; sourceTree = "<group>"; };
		F5ECE54B24EE6156008A5D11 /* CCell.swift */ = {isa = PBXFileReference; lastKnownFileType = sourcecode.swift; path = CCell.swift; sourceTree = "<group>"; };
		F5ECE55024EE776F008A5D11 /* Person.swift */ = {isa = PBXFileReference; lastKnownFileType = sourcecode.swift; path = Person.swift; sourceTree = "<group>"; };
		F5ECE55424EE8295008A5D11 /* Enum.swift */ = {isa = PBXFileReference; lastKnownFileType = sourcecode.swift; path = Enum.swift; sourceTree = "<group>"; };
		FA5969552E371CA1D0E2DE9D /* Pods-SDEMO.debug.xcconfig */ = {isa = PBXFileReference; includeInIndex = 1; lastKnownFileType = text.xcconfig; name = "Pods-SDEMO.debug.xcconfig"; path = "Target Support Files/Pods-SDEMO/Pods-SDEMO.debug.xcconfig"; sourceTree = "<group>"; };
/* End PBXFileReference section */

/* Begin PBXFrameworksBuildPhase section */
		F57BF06524ECC39100BED6E1 /* Frameworks */ = {
			isa = PBXFrameworksBuildPhase;
			buildActionMask = 2147483647;
			files = (
				BB0D3281C513C23F3423927E /* Pods_SDEMO.framework in Frameworks */,
			);
			runOnlyForDeploymentPostprocessing = 0;
		};
		F57BF07B24ECC39200BED6E1 /* Frameworks */ = {
			isa = PBXFrameworksBuildPhase;
			buildActionMask = 2147483647;
			files = (
			);
			runOnlyForDeploymentPostprocessing = 0;
		};
		F57BF08624ECC39200BED6E1 /* Frameworks */ = {
			isa = PBXFrameworksBuildPhase;
			buildActionMask = 2147483647;
			files = (
			);
			runOnlyForDeploymentPostprocessing = 0;
		};
/* End PBXFrameworksBuildPhase section */

/* Begin PBXGroup section */
		1958B044361CA419B7A35283 /* Frameworks */ = {
			isa = PBXGroup;
			children = (
				E46150A96E68431E6F5CE2CA /* Pods_SDEMO.framework */,
			);
			name = Frameworks;
			sourceTree = "<group>";
		};
		DB5EC77F68C46B9BE17174DC /* Pods */ = {
			isa = PBXGroup;
			children = (
				FA5969552E371CA1D0E2DE9D /* Pods-SDEMO.debug.xcconfig */,
				C9F29AE68130F01485959073 /* Pods-SDEMO.release.xcconfig */,
			);
			path = Pods;
			sourceTree = "<group>";
		};
		F57BF05F24ECC39100BED6E1 = {
			isa = PBXGroup;
			children = (
				F57BF06A24ECC39100BED6E1 /* SDEMO */,
				F57BF08124ECC39200BED6E1 /* SDEMOTests */,
				F57BF08C24ECC39200BED6E1 /* SDEMOUITests */,
				F57BF06924ECC39100BED6E1 /* Products */,
				DB5EC77F68C46B9BE17174DC /* Pods */,
				1958B044361CA419B7A35283 /* Frameworks */,
			);
			sourceTree = "<group>";
		};
		F57BF06924ECC39100BED6E1 /* Products */ = {
			isa = PBXGroup;
			children = (
				F57BF06824ECC39100BED6E1 /* SDEMO.app */,
				F57BF07E24ECC39200BED6E1 /* SDEMOTests.xctest */,
				F57BF08924ECC39200BED6E1 /* SDEMOUITests.xctest */,
			);
			name = Products;
			sourceTree = "<group>";
		};
		F57BF06A24ECC39100BED6E1 /* SDEMO */ = {
			isa = PBXGroup;
			children = (
				F5ECE54F24EE770A008A5D11 /* 枚举enum */,
				F5ECE54E24EE7703008A5D11 /* 结构体struct */,
				F5ECE54D24EE7701008A5D11 /* 类class */,
				F5ECE54424EE5BEF008A5D11 /* 常用的控件 */,
				F5ECE53D24EE5A65008A5D11 /* 基本类型 */,
				F57BF0A524ED555600BED6E1 /* CollectionView */,
				F57BF0A424ED555300BED6E1 /* TableView */,
				F57BF06B24ECC39100BED6E1 /* AppDelegate.swift */,
				F57BF06D24ECC39100BED6E1 /* SceneDelegate.swift */,
				F57BF06F24ECC39100BED6E1 /* ViewController.swift */,
				F57BF07124ECC39100BED6E1 /* Main.storyboard */,
				F57BF07424ECC39100BED6E1 /* Assets.xcassets */,
				F57BF07624ECC39100BED6E1 /* LaunchScreen.storyboard */,
				F57BF07924ECC39100BED6E1 /* Info.plist */,
			);
			path = SDEMO;
			sourceTree = "<group>";
		};
		F57BF08124ECC39200BED6E1 /* SDEMOTests */ = {
			isa = PBXGroup;
			children = (
				F57BF08224ECC39200BED6E1 /* SDEMOTests.swift */,
				F57BF08424ECC39200BED6E1 /* Info.plist */,
			);
			path = SDEMOTests;
			sourceTree = "<group>";
		};
		F57BF08C24ECC39200BED6E1 /* SDEMOUITests */ = {
			isa = PBXGroup;
			children = (
				F57BF08D24ECC39200BED6E1 /* SDEMOUITests.swift */,
				F57BF08F24ECC39200BED6E1 /* Info.plist */,
			);
			path = SDEMOUITests;
			sourceTree = "<group>";
		};
		F57BF0A424ED555300BED6E1 /* TableView */ = {
			isa = PBXGroup;
			children = (
				F5ECE54524EE5F35008A5D11 /* TVC.swift */,
				F5ECE54924EE613F008A5D11 /* TCell.swift */,
			);
			path = TableView;
			sourceTree = "<group>";
		};
		F57BF0A524ED555600BED6E1 /* CollectionView */ = {
			isa = PBXGroup;
			children = (
				F5ECE54724EE5F44008A5D11 /* CVC.swift */,
				F5ECE54B24EE6156008A5D11 /* CCell.swift */,
			);
			path = CollectionView;
			sourceTree = "<group>";
		};
		F5ECE53D24EE5A65008A5D11 /* 基本类型 */ = {
			isa = PBXGroup;
			children = (
				F5ECE54024EE5B1B008A5D11 /* 变量常量.md */,
				F5A5339724EEA4AD003D0EAB /* 数组.md */,
			);
			path = "基本类型";
			sourceTree = "<group>";
		};
		F5ECE54424EE5BEF008A5D11 /* 常用的控件 */ = {
			isa = PBXGroup;
			children = (
				F5ECE54224EE5BE7008A5D11 /* ComomControlVC.swift */,
			);
			path = "常用的控件";
			sourceTree = "<group>";
		};
		F5ECE54D24EE7701008A5D11 /* 类class */ = {
			isa = PBXGroup;
			children = (
				F5ECE55024EE776F008A5D11 /* Person.swift */,
			);
			path = "类class";
			sourceTree = "<group>";
		};
		F5ECE54E24EE7703008A5D11 /* 结构体struct */ = {
			isa = PBXGroup;
			children = (
			);
			path = "结构体struct";
			sourceTree = "<group>";
		};
		F5ECE54F24EE770A008A5D11 /* 枚举enum */ = {
			isa = PBXGroup;
			children = (
				F5ECE55424EE8295008A5D11 /* Enum.swift */,
			);
			path = "枚举enum";
			sourceTree = "<group>";
		};
/* End PBXGroup section */

/* Begin PBXNativeTarget section */
		F57BF06724ECC39100BED6E1 /* SDEMO */ = {
			isa = PBXNativeTarget;
			buildConfigurationList = F57BF09224ECC39200BED6E1 /* Build configuration list for PBXNativeTarget "SDEMO" */;
			buildPhases = (
				7E1FF54D29A24F57BF468AE4 /* [CP] Check Pods Manifest.lock */,
				F57BF06424ECC39100BED6E1 /* Sources */,
				F57BF06524ECC39100BED6E1 /* Frameworks */,
				F57BF06624ECC39100BED6E1 /* Resources */,
				496201484CA2B86D0EEC6B84 /* [CP] Embed Pods Frameworks */,
			);
			buildRules = (
			);
			dependencies = (
			);
			name = SDEMO;
			productName = SDEMO;
			productReference = F57BF06824ECC39100BED6E1 /* SDEMO.app */;
			productType = "com.apple.product-type.application";
		};
		F57BF07D24ECC39200BED6E1 /* SDEMOTests */ = {
			isa = PBXNativeTarget;
			buildConfigurationList = F57BF09524ECC39200BED6E1 /* Build configuration list for PBXNativeTarget "SDEMOTests" */;
			buildPhases = (
				F57BF07A24ECC39200BED6E1 /* Sources */,
				F57BF07B24ECC39200BED6E1 /* Frameworks */,
				F57BF07C24ECC39200BED6E1 /* Resources */,
			);
			buildRules = (
			);
			dependencies = (
				F57BF08024ECC39200BED6E1 /* PBXTargetDependency */,
			);
			name = SDEMOTests;
			productName = SDEMOTests;
			productReference = F57BF07E24ECC39200BED6E1 /* SDEMOTests.xctest */;
			productType = "com.apple.product-type.bundle.unit-test";
		};
		F57BF08824ECC39200BED6E1 /* SDEMOUITests */ = {
			isa = PBXNativeTarget;
			buildConfigurationList = F57BF09824ECC39200BED6E1 /* Build configuration list for PBXNativeTarget "SDEMOUITests" */;
			buildPhases = (
				F57BF08524ECC39200BED6E1 /* Sources */,
				F57BF08624ECC39200BED6E1 /* Frameworks */,
				F57BF08724ECC39200BED6E1 /* Resources */,
			);
			buildRules = (
			);
			dependencies = (
				F57BF08B24ECC39200BED6E1 /* PBXTargetDependency */,
			);
			name = SDEMOUITests;
			productName = SDEMOUITests;
			productReference = F57BF08924ECC39200BED6E1 /* SDEMOUITests.xctest */;
			productType = "com.apple.product-type.bundle.ui-testing";
		};
/* End PBXNativeTarget section */

/* Begin PBXProject section */
		F57BF06024ECC39100BED6E1 /* Project object */ = {
			isa = PBXProject;
			attributes = {
				LastSwiftUpdateCheck = 1160;
				LastUpgradeCheck = 1160;
				ORGANIZATIONNAME = tv;
				TargetAttributes = {
					F57BF06724ECC39100BED6E1 = {
						CreatedOnToolsVersion = 11.6;
					};
					F57BF07D24ECC39200BED6E1 = {
						CreatedOnToolsVersion = 11.6;
						TestTargetID = F57BF06724ECC39100BED6E1;
					};
					F57BF08824ECC39200BED6E1 = {
						CreatedOnToolsVersion = 11.6;
						TestTargetID = F57BF06724ECC39100BED6E1;
					};
				};
			};
			buildConfigurationList = F57BF06324ECC39100BED6E1 /* Build configuration list for PBXProject "SDEMO" */;
			compatibilityVersion = "Xcode 9.3";
			developmentRegion = en;
			hasScannedForEncodings = 0;
			knownRegions = (
				en,
				Base,
			);
			mainGroup = F57BF05F24ECC39100BED6E1;
			productRefGroup = F57BF06924ECC39100BED6E1 /* Products */;
			projectDirPath = "";
			projectRoot = "";
			targets = (
				F57BF06724ECC39100BED6E1 /* SDEMO */,
				F57BF07D24ECC39200BED6E1 /* SDEMOTests */,
				F57BF08824ECC39200BED6E1 /* SDEMOUITests */,
			);
		};
/* End PBXProject section */

/* Begin PBXResourcesBuildPhase section */
		F57BF06624ECC39100BED6E1 /* Resources */ = {
			isa = PBXResourcesBuildPhase;
			buildActionMask = 2147483647;
			files = (
				F5A5339824EEA4AD003D0EAB /* 数组.md in Resources */,
				F5ECE54124EE5B1B008A5D11 /* 变量常量.md in Resources */,
				F57BF07824ECC39100BED6E1 /* LaunchScreen.storyboard in Resources */,
				F57BF07524ECC39100BED6E1 /* Assets.xcassets in Resources */,
				F57BF07324ECC39100BED6E1 /* Main.storyboard in Resources */,
			);
			runOnlyForDeploymentPostprocessing = 0;
		};
		F57BF07C24ECC39200BED6E1 /* Resources */ = {
			isa = PBXResourcesBuildPhase;
			buildActionMask = 2147483647;
			files = (
			);
			runOnlyForDeploymentPostprocessing = 0;
		};
		F57BF08724ECC39200BED6E1 /* Resources */ = {
			isa = PBXResourcesBuildPhase;
			buildActionMask = 2147483647;
			files = (
			);
			runOnlyForDeploymentPostprocessing = 0;
		};
/* End PBXResourcesBuildPhase section */

/* Begin PBXShellScriptBuildPhase section */
		496201484CA2B86D0EEC6B84 /* [CP] Embed Pods Frameworks */ = {
			isa = PBXShellScriptBuildPhase;
			buildActionMask = 2147483647;
			files = (
			);
			inputFileListPaths = (
				"${PODS_ROOT}/Target Support Files/Pods-SDEMO/Pods-SDEMO-frameworks-${CONFIGURATION}-input-files.xcfilelist",
			);
			name = "[CP] Embed Pods Frameworks";
			outputFileListPaths = (
				"${PODS_ROOT}/Target Support Files/Pods-SDEMO/Pods-SDEMO-frameworks-${CONFIGURATION}-output-files.xcfilelist",
			);
			runOnlyForDeploymentPostprocessing = 0;
			shellPath = /bin/sh;
			shellScript = "\"${PODS_ROOT}/Target Support Files/Pods-SDEMO/Pods-SDEMO-frameworks.sh\"\n";
			showEnvVarsInLog = 0;
		};
		7E1FF54D29A24F57BF468AE4 /* [CP] Check Pods Manifest.lock */ = {
			isa = PBXShellScriptBuildPhase;
			buildActionMask = 2147483647;
			files = (
			);
			inputFileListPaths = (
			);
			inputPaths = (
				"${PODS_PODFILE_DIR_PATH}/Podfile.lock",
				"${PODS_ROOT}/Manifest.lock",
			);
			name = "[CP] Check Pods Manifest.lock";
			outputFileListPaths = (
			);
			outputPaths = (
				"$(DERIVED_FILE_DIR)/Pods-SDEMO-checkManifestLockResult.txt",
			);
			runOnlyForDeploymentPostprocessing = 0;
			shellPath = /bin/sh;
			shellScript = "diff \"${PODS_PODFILE_DIR_PATH}/Podfile.lock\" \"${PODS_ROOT}/Manifest.lock\" > /dev/null\nif [ $? != 0 ] ; then\n    # print error to STDERR\n    echo \"error: The sandbox is not in sync with the Podfile.lock. Run 'pod install' or update your CocoaPods installation.\" >&2\n    exit 1\nfi\n# This output is used by Xcode 'outputs' to avoid re-running this script phase.\necho \"SUCCESS\" > \"${SCRIPT_OUTPUT_FILE_0}\"\n";
			showEnvVarsInLog = 0;
		};
/* End PBXShellScriptBuildPhase section */

/* Begin PBXSourcesBuildPhase section */
		F57BF06424ECC39100BED6E1 /* Sources */ = {
			isa = PBXSourcesBuildPhase;
			buildActionMask = 2147483647;
			files = (
				F5ECE54A24EE613F008A5D11 /* TCell.swift in Sources */,
				F5ECE54C24EE6156008A5D11 /* CCell.swift in Sources */,
				F5ECE54324EE5BE7008A5D11 /* ComomControlVC.swift in Sources */,
				F57BF07024ECC39100BED6E1 /* ViewController.swift in Sources */,
				F5ECE55524EE8295008A5D11 /* Enum.swift in Sources */,
				F5ECE55124EE776F008A5D11 /* Person.swift in Sources */,
				F5ECE54824EE5F44008A5D11 /* CVC.swift in Sources */,
				F57BF06C24ECC39100BED6E1 /* AppDelegate.swift in Sources */,
				F5ECE54624EE5F35008A5D11 /* TVC.swift in Sources */,
				F57BF06E24ECC39100BED6E1 /* SceneDelegate.swift in Sources */,
			);
			runOnlyForDeploymentPostprocessing = 0;
		};
		F57BF07A24ECC39200BED6E1 /* Sources */ = {
			isa = PBXSourcesBuildPhase;
			buildActionMask = 2147483647;
			files = (
				F57BF08324ECC39200BED6E1 /* SDEMOTests.swift in Sources */,
			);
			runOnlyForDeploymentPostprocessing = 0;
		};
		F57BF08524ECC39200BED6E1 /* Sources */ = {
			isa = PBXSourcesBuildPhase;
			buildActionMask = 2147483647;
			files = (
				F57BF08E24ECC39200BED6E1 /* SDEMOUITests.swift in Sources */,
			);
			runOnlyForDeploymentPostprocessing = 0;
		};
/* End PBXSourcesBuildPhase section */

/* Begin PBXTargetDependency section */
		F57BF08024ECC39200BED6E1 /* PBXTargetDependency */ = {
			isa = PBXTargetDependency;
			target = F57BF06724ECC39100BED6E1 /* SDEMO */;
			targetProxy = F57BF07F24ECC39200BED6E1 /* PBXContainerItemProxy */;
		};
		F57BF08B24ECC39200BED6E1 /* PBXTargetDependency */ = {
			isa = PBXTargetDependency;
			target = F57BF06724ECC39100BED6E1 /* SDEMO */;
			targetProxy = F57BF08A24ECC39200BED6E1 /* PBXContainerItemProxy */;
		};
/* End PBXTargetDependency section */

/* Begin PBXVariantGroup section */
		F57BF07124ECC39100BED6E1 /* Main.storyboard */ = {
			isa = PBXVariantGroup;
			children = (
				F57BF07224ECC39100BED6E1 /* Base */,
			);
			name = Main.storyboard;
			sourceTree = "<group>";
		};
		F57BF07624ECC39100BED6E1 /* LaunchScreen.storyboard */ = {
			isa = PBXVariantGroup;
			children = (
				F57BF07724ECC39100BED6E1 /* Base */,
			);
			name = LaunchScreen.storyboard;
			sourceTree = "<group>";
		};
/* End PBXVariantGroup section */

/* Begin XCBuildConfiguration section */
		F57BF09024ECC39200BED6E1 /* Debug */ = {
			isa = XCBuildConfiguration;
			buildSettings = {
				ALWAYS_SEARCH_USER_PATHS = NO;
				CLANG_ANALYZER_NONNULL = YES;
				CLANG_ANALYZER_NUMBER_OBJECT_CONVERSION = YES_AGGRESSIVE;
				CLANG_CXX_LANGUAGE_STANDARD = "gnu++14";
				CLANG_CXX_LIBRARY = "libc++";
				CLANG_ENABLE_MODULES = YES;
				CLANG_ENABLE_OBJC_ARC = YES;
				CLANG_ENABLE_OBJC_WEAK = YES;
				CLANG_WARN_BLOCK_CAPTURE_AUTORELEASING = YES;
				CLANG_WARN_BOOL_CONVERSION = YES;
				CLANG_WARN_COMMA = YES;
				CLANG_WARN_CONSTANT_CONVERSION = YES;
				CLANG_WARN_DEPRECATED_OBJC_IMPLEMENTATIONS = YES;
				CLANG_WARN_DIRECT_OBJC_ISA_USAGE = YES_ERROR;
				CLANG_WARN_DOCUMENTATION_COMMENTS = YES;
				CLANG_WARN_EMPTY_BODY = YES;
				CLANG_WARN_ENUM_CONVERSION = YES;
				CLANG_WARN_INFINITE_RECURSION = YES;
				CLANG_WARN_INT_CONVERSION = YES;
				CLANG_WARN_NON_LITERAL_NULL_CONVERSION = YES;
				CLANG_WARN_OBJC_IMPLICIT_RETAIN_SELF = YES;
				CLANG_WARN_OBJC_LITERAL_CONVERSION = YES;
				CLANG_WARN_OBJC_ROOT_CLASS = YES_ERROR;
				CLANG_WARN_RANGE_LOOP_ANALYSIS = YES;
				CLANG_WARN_STRICT_PROTOTYPES = YES;
				CLANG_WARN_SUSPICIOUS_MOVE = YES;
				CLANG_WARN_UNGUARDED_AVAILABILITY = YES_AGGRESSIVE;
				CLANG_WARN_UNREACHABLE_CODE = YES;
				CLANG_WARN__DUPLICATE_METHOD_MATCH = YES;
				COPY_PHASE_STRIP = NO;
				DEBUG_INFORMATION_FORMAT = dwarf;
				ENABLE_STRICT_OBJC_MSGSEND = YES;
				ENABLE_TESTABILITY = YES;
				GCC_C_LANGUAGE_STANDARD = gnu11;
				GCC_DYNAMIC_NO_PIC = NO;
				GCC_NO_COMMON_BLOCKS = YES;
				GCC_OPTIMIZATION_LEVEL = 0;
				GCC_PREPROCESSOR_DEFINITIONS = (
					"DEBUG=1",
					"$(inherited)",
				);
				GCC_WARN_64_TO_32_BIT_CONVERSION = YES;
				GCC_WARN_ABOUT_RETURN_TYPE = YES_ERROR;
				GCC_WARN_UNDECLARED_SELECTOR = YES;
				GCC_WARN_UNINITIALIZED_AUTOS = YES_AGGRESSIVE;
				GCC_WARN_UNUSED_FUNCTION = YES;
				GCC_WARN_UNUSED_VARIABLE = YES;
				IPHONEOS_DEPLOYMENT_TARGET = 13.6;
				MTL_ENABLE_DEBUG_INFO = INCLUDE_SOURCE;
				MTL_FAST_MATH = YES;
				ONLY_ACTIVE_ARCH = YES;
				SDKROOT = iphoneos;
				SWIFT_ACTIVE_COMPILATION_CONDITIONS = DEBUG;
				SWIFT_OPTIMIZATION_LEVEL = "-Onone";
			};
			name = Debug;
		};
		F57BF09124ECC39200BED6E1 /* Release */ = {
			isa = XCBuildConfiguration;
			buildSettings = {
				ALWAYS_SEARCH_USER_PATHS = NO;
				CLANG_ANALYZER_NONNULL = YES;
				CLANG_ANALYZER_NUMBER_OBJECT_CONVERSION = YES_AGGRESSIVE;
				CLANG_CXX_LANGUAGE_STANDARD = "gnu++14";
				CLANG_CXX_LIBRARY = "libc++";
				CLANG_ENABLE_MODULES = YES;
				CLANG_ENABLE_OBJC_ARC = YES;
				CLANG_ENABLE_OBJC_WEAK = YES;
				CLANG_WARN_BLOCK_CAPTURE_AUTORELEASING = YES;
				CLANG_WARN_BOOL_CONVERSION = YES;
				CLANG_WARN_COMMA = YES;
				CLANG_WARN_CONSTANT_CONVERSION = YES;
				CLANG_WARN_DEPRECATED_OBJC_IMPLEMENTATIONS = YES;
				CLANG_WARN_DIRECT_OBJC_ISA_USAGE = YES_ERROR;
				CLANG_WARN_DOCUMENTATION_COMMENTS = YES;
				CLANG_WARN_EMPTY_BODY = YES;
				CLANG_WARN_ENUM_CONVERSION = YES;
				CLANG_WARN_INFINITE_RECURSION = YES;
				CLANG_WARN_INT_CONVERSION = YES;
				CLANG_WARN_NON_LITERAL_NULL_CONVERSION = YES;
				CLANG_WARN_OBJC_IMPLICIT_RETAIN_SELF = YES;
				CLANG_WARN_OBJC_LITERAL_CONVERSION = YES;
				CLANG_WARN_OBJC_ROOT_CLASS = YES_ERROR;
				CLANG_WARN_RANGE_LOOP_ANALYSIS = YES;
				CLANG_WARN_STRICT_PROTOTYPES = YES;
				CLANG_WARN_SUSPICIOUS_MOVE = YES;
				CLANG_WARN_UNGUARDED_AVAILABILITY = YES_AGGRESSIVE;
				CLANG_WARN_UNREACHABLE_CODE = YES;
				CLANG_WARN__DUPLICATE_METHOD_MATCH = YES;
				COPY_PHASE_STRIP = NO;
				DEBUG_INFORMATION_FORMAT = "dwarf-with-dsym";
				ENABLE_NS_ASSERTIONS = NO;
				ENABLE_STRICT_OBJC_MSGSEND = YES;
				GCC_C_LANGUAGE_STANDARD = gnu11;
				GCC_NO_COMMON_BLOCKS = YES;
				GCC_WARN_64_TO_32_BIT_CONVERSION = YES;
				GCC_WARN_ABOUT_RETURN_TYPE = YES_ERROR;
				GCC_WARN_UNDECLARED_SELECTOR = YES;
				GCC_WARN_UNINITIALIZED_AUTOS = YES_AGGRESSIVE;
				GCC_WARN_UNUSED_FUNCTION = YES;
				GCC_WARN_UNUSED_VARIABLE = YES;
				IPHONEOS_DEPLOYMENT_TARGET = 13.6;
				MTL_ENABLE_DEBUG_INFO = NO;
				MTL_FAST_MATH = YES;
				SDKROOT = iphoneos;
				SWIFT_COMPILATION_MODE = wholemodule;
				SWIFT_OPTIMIZATION_LEVEL = "-O";
				VALIDATE_PRODUCT = YES;
			};
			name = Release;
		};
		F57BF09324ECC39200BED6E1 /* Debug */ = {
			isa = XCBuildConfiguration;
			baseConfigurationReference = FA5969552E371CA1D0E2DE9D /* Pods-SDEMO.debug.xcconfig */;
			buildSettings = {
				ASSETCATALOG_COMPILER_APPICON_NAME = AppIcon;
				CODE_SIGN_STYLE = Automatic;
				INFOPLIST_FILE = SDEMO/Info.plist;
				LD_RUNPATH_SEARCH_PATHS = (
					"$(inherited)",
					"@executable_path/Frameworks",
				);
				PRODUCT_BUNDLE_IDENTIFIER = "-23456.SDEMO";
				PRODUCT_NAME = "$(TARGET_NAME)";
				SWIFT_VERSION = 5.0;
				TARGETED_DEVICE_FAMILY = "1,2";
			};
			name = Debug;
		};
		F57BF09424ECC39200BED6E1 /* Release */ = {
			isa = XCBuildConfiguration;
			baseConfigurationReference = C9F29AE68130F01485959073 /* Pods-SDEMO.release.xcconfig */;
			buildSettings = {
				ASSETCATALOG_COMPILER_APPICON_NAME = AppIcon;
				CODE_SIGN_STYLE = Automatic;
				INFOPLIST_FILE = SDEMO/Info.plist;
				LD_RUNPATH_SEARCH_PATHS = (
					"$(inherited)",
					"@executable_path/Frameworks",
				);
				PRODUCT_BUNDLE_IDENTIFIER = "-23456.SDEMO";
				PRODUCT_NAME = "$(TARGET_NAME)";
				SWIFT_VERSION = 5.0;
				TARGETED_DEVICE_FAMILY = "1,2";
			};
			name = Release;
		};
		F57BF09624ECC39200BED6E1 /* Debug */ = {
			isa = XCBuildConfiguration;
			buildSettings = {
				ALWAYS_EMBED_SWIFT_STANDARD_LIBRARIES = YES;
				BUNDLE_LOADER = "$(TEST_HOST)";
				CODE_SIGN_STYLE = Automatic;
				INFOPLIST_FILE = SDEMOTests/Info.plist;
				IPHONEOS_DEPLOYMENT_TARGET = 13.6;
				LD_RUNPATH_SEARCH_PATHS = (
					"$(inherited)",
					"@executable_path/Frameworks",
					"@loader_path/Frameworks",
				);
				PRODUCT_BUNDLE_IDENTIFIER = "-23456.SDEMOTests";
				PRODUCT_NAME = "$(TARGET_NAME)";
				SWIFT_VERSION = 5.0;
				TARGETED_DEVICE_FAMILY = "1,2";
				TEST_HOST = "$(BUILT_PRODUCTS_DIR)/SDEMO.app/SDEMO";
			};
			name = Debug;
		};
		F57BF09724ECC39200BED6E1 /* Release */ = {
			isa = XCBuildConfiguration;
			buildSettings = {
				ALWAYS_EMBED_SWIFT_STANDARD_LIBRARIES = YES;
				BUNDLE_LOADER = "$(TEST_HOST)";
				CODE_SIGN_STYLE = Automatic;
				INFOPLIST_FILE = SDEMOTests/Info.plist;
				IPHONEOS_DEPLOYMENT_TARGET = 13.6;
				LD_RUNPATH_SEARCH_PATHS = (
					"$(inherited)",
					"@executable_path/Frameworks",
					"@loader_path/Frameworks",
				);
				PRODUCT_BUNDLE_IDENTIFIER = "-23456.SDEMOTests";
				PRODUCT_NAME = "$(TARGET_NAME)";
				SWIFT_VERSION = 5.0;
				TARGETED_DEVICE_FAMILY = "1,2";
				TEST_HOST = "$(BUILT_PRODUCTS_DIR)/SDEMO.app/SDEMO";
			};
			name = Release;
		};
		F57BF09924ECC39200BED6E1 /* Debug */ = {
			isa = XCBuildConfiguration;
			buildSettings = {
				ALWAYS_EMBED_SWIFT_STANDARD_LIBRARIES = YES;
				CODE_SIGN_STYLE = Automatic;
				INFOPLIST_FILE = SDEMOUITests/Info.plist;
				LD_RUNPATH_SEARCH_PATHS = (
					"$(inherited)",
					"@executable_path/Frameworks",
					"@loader_path/Frameworks",
				);
				PRODUCT_BUNDLE_IDENTIFIER = "-23456.SDEMOUITests";
				PRODUCT_NAME = "$(TARGET_NAME)";
				SWIFT_VERSION = 5.0;
				TARGETED_DEVICE_FAMILY = "1,2";
				TEST_TARGET_NAME = SDEMO;
			};
			name = Debug;
		};
		F57BF09A24ECC39200BED6E1 /* Release */ = {
			isa = XCBuildConfiguration;
			buildSettings = {
				ALWAYS_EMBED_SWIFT_STANDARD_LIBRARIES = YES;
				CODE_SIGN_STYLE = Automatic;
				INFOPLIST_FILE = SDEMOUITests/Info.plist;
				LD_RUNPATH_SEARCH_PATHS = (
					"$(inherited)",
					"@executable_path/Frameworks",
					"@loader_path/Frameworks",
				);
				PRODUCT_BUNDLE_IDENTIFIER = "-23456.SDEMOUITests";
				PRODUCT_NAME = "$(TARGET_NAME)";
				SWIFT_VERSION = 5.0;
				TARGETED_DEVICE_FAMILY = "1,2";
				TEST_TARGET_NAME = SDEMO;
			};
			name = Release;
		};
/* End XCBuildConfiguration section */

/* Begin XCConfigurationList section */
		F57BF06324ECC39100BED6E1 /* Build configuration list for PBXProject "SDEMO" */ = {
			isa = XCConfigurationList;
			buildConfigurations = (
				F57BF09024ECC39200BED6E1 /* Debug */,
				F57BF09124ECC39200BED6E1 /* Release */,
			);
			defaultConfigurationIsVisible = 0;
			defaultConfigurationName = Release;
		};
		F57BF09224ECC39200BED6E1 /* Build configuration list for PBXNativeTarget "SDEMO" */ = {
			isa = XCConfigurationList;
			buildConfigurations = (
				F57BF09324ECC39200BED6E1 /* Debug */,
				F57BF09424ECC39200BED6E1 /* Release */,
			);
			defaultConfigurationIsVisible = 0;
			defaultConfigurationName = Release;
		};
		F57BF09524ECC39200BED6E1 /* Build configuration list for PBXNativeTarget "SDEMOTests" */ = {
			isa = XCConfigurationList;
			buildConfigurations = (
				F57BF09624ECC39200BED6E1 /* Debug */,
				F57BF09724ECC39200BED6E1 /* Release */,
			);
			defaultConfigurationIsVisible = 0;
			defaultConfigurationName = Release;
		};
		F57BF09824ECC39200BED6E1 /* Build configuration list for PBXNativeTarget "SDEMOUITests" */ = {
			isa = XCConfigurationList;
			buildConfigurations = (
				F57BF09924ECC39200BED6E1 /* Debug */,
				F57BF09A24ECC39200BED6E1 /* Release */,
			);
			defaultConfigurationIsVisible = 0;
			defaultConfigurationName = Release;
		};
/* End XCConfigurationList section */
	};
	rootObject = F57BF06024ECC39100BED6E1 /* Project object */;
}
